
Microsoft Visual Studio Solution File, Format Version 12.00
# Visual Studio Version 17
VisualStudioVersion = 17.6.33815.320
MinimumVisualStudioVersion = 10.0.40219.1
Project("{FAE04EC0-301F-11D3-BF4B-00C04F79EFBC}") = "BackendApi", "BackendApi\BackendApi.csproj", "{08E65D28-65BA-4320-8A59-AE1517517D2C}"
EndProject
Global
	GlobalSection(SolutionConfigurationPlatforms) = preSolution
		Debug|Any CPU = Debug|Any CPU
		Release|Any CPU = Release|Any CPU
	EndGlobalSection
	GlobalSection(ProjectConfigurationPlatforms) = postSolution
		{08E65D28-65BA-4320-8A59-AE1517517D2C}.Debug|Any CPU.ActiveCfg = Debug|Any CPU
		{08E65D28-65BA-4320-8A59-AE1517517D2C}.Debug|Any CPU.Build.0 = Debug|Any CPU
		{08E65D28-65BA-4320-8A59-AE1517517D2C}.Release|Any CPU.ActiveCfg = Release|Any CPU
		{08E65D28-65BA-4320-8A59-AE1517517D2C}.Release|Any CPU.Build.0 = Release|Any CPU
	EndGlobalSection
	GlobalSection(SolutionProperties) = preSolution
		HideSolutionNode = FALSE
	EndGlobalSection
	GlobalSection(ExtensibilityGlobals) = postSolution
		SolutionGuid = {3EC85EB0-D888-4FE5-86D2-B37178BFA5EB}
	EndGlobalSection
EndGlobal
